// !$*UTF8*$!
{
	archiveVersion = 1;
	classes = {
	};
	objectVersion = 46;
	objects = {

/* Begin PBXBuildFile section */
		8A2276961EDECE8D00C61029 /* EZAudioiOS.framework in Frameworks */ = {isa = PBXBuildFile; fileRef = 8A2276901EDEC7B800C61029 /* EZAudioiOS.framework */; };
		8A2276971EDECE8D00C61029 /* EZAudioiOS.framework in Embed Frameworks */ = {isa = PBXBuildFile; fileRef = 8A2276901EDEC7B800C61029 /* EZAudioiOS.framework */; settings = {ATTRIBUTES = (CodeSignOnCopy, RemoveHeadersOnCopy, ); }; };
		8A54A0DB1ED5253A00E3913D /* main.m in Sources */ = {isa = PBXBuildFile; fileRef = 8A54A0DA1ED5253A00E3913D /* main.m */; };
		8A54A0DE1ED5253A00E3913D /* AppDelegate.m in Sources */ = {isa = PBXBuildFile; fileRef = 8A54A0DD1ED5253A00E3913D /* AppDelegate.m */; };
		8A54A0E11ED5253A00E3913D /* ViewController.mm in Sources */ = {isa = PBXBuildFile; fileRef = 8A54A0E01ED5253A00E3913D /* ViewController.mm */; };
		8A54A0E41ED5253A00E3913D /* Main.storyboard in Resources */ = {isa = PBXBuildFile; fileRef = 8A54A0E21ED5253A00E3913D /* Main.storyboard */; };
		8A54A0E61ED5253A00E3913D /* Assets.xcassets in Resources */ = {isa = PBXBuildFile; fileRef = 8A54A0E51ED5253A00E3913D /* Assets.xcassets */; };
		8A54A0E91ED5253A00E3913D /* LaunchScreen.storyboard in Resources */ = {isa = PBXBuildFile; fileRef = 8A54A0E71ED5253A00E3913D /* LaunchScreen.storyboard */; };
		8A54A0F41ED5253A00E3913D /* AudioTouchTests.m in Sources */ = {isa = PBXBuildFile; fileRef = 8A54A0F31ED5253A00E3913D /* AudioTouchTests.m */; };
		8A54A0FF1ED5253A00E3913D /* AudioTouchUITests.m in Sources */ = {isa = PBXBuildFile; fileRef = 8A54A0FE1ED5253A00E3913D /* AudioTouchUITests.m */; };
		8A54A1161ED5296F00E3913D /* UIKit.framework in Frameworks */ = {isa = PBXBuildFile; fileRef = 8A54A1151ED5296F00E3913D /* UIKit.framework */; };
		8A54A1181ED5297500E3913D /* Foundation.framework in Frameworks */ = {isa = PBXBuildFile; fileRef = 8A54A1171ED5297500E3913D /* Foundation.framework */; };
		8A54A11E1ED52D3F00E3913D /* Accelerate.framework in Frameworks */ = {isa = PBXBuildFile; fileRef = 8A54A11D1ED52D3F00E3913D /* Accelerate.framework */; };
		8A54A1201ED52D4E00E3913D /* AudioToolbox.framework in Frameworks */ = {isa = PBXBuildFile; fileRef = 8A54A11F1ED52D4E00E3913D /* AudioToolbox.framework */; };
		8A54A1221ED52D5500E3913D /* MediaPlayer.framework in Frameworks */ = {isa = PBXBuildFile; fileRef = 8A54A1211ED52D5500E3913D /* MediaPlayer.framework */; };
		8A54A1241ED52D5D00E3913D /* OpenGLES.framework in Frameworks */ = {isa = PBXBuildFile; fileRef = 8A54A1231ED52D5D00E3913D /* OpenGLES.framework */; };
		8A54A1261ED52D6600E3913D /* CoreGraphics.framework in Frameworks */ = {isa = PBXBuildFile; fileRef = 8A54A1251ED52D6600E3913D /* CoreGraphics.framework */; };
		8A54A1291ED5359600E3913D /* FFTHelper.mm in Sources */ = {isa = PBXBuildFile; fileRef = 8A54A1281ED5359600E3913D /* FFTHelper.mm */; };
		8A54A1301ED5397C00E3913D /* mo_audio.mm in Sources */ = {isa = PBXBuildFile; fileRef = 8A54A12C1ED5397C00E3913D /* mo_audio.mm */; };
		8A54A1311ED5397C00E3913D /* mo_gfx.mm in Sources */ = {isa = PBXBuildFile; fileRef = 8A54A12F1ED5397C00E3913D /* mo_gfx.mm */; };
		8A54A1331ED5540400E3913D /* AVFoundation.framework in Frameworks */ = {isa = PBXBuildFile; fileRef = 8A54A1321ED5540400E3913D /* AVFoundation.framework */; };
		8A71B97D1ED7C3B300AD3B8E /* LineChart.swift in Sources */ = {isa = PBXBuildFile; fileRef = 8A71B97C1ED7C3B300AD3B8E /* LineChart.swift */; };
		8A71B9801ED7C3DD00AD3B8E /* LienChartView.m in Sources */ = {isa = PBXBuildFile; fileRef = 8A71B97F1ED7C3DD00AD3B8E /* LienChartView.m */; };
		8A71B98B1ED7C74600AD3B8E /* Charts.framework in Frameworks */ = {isa = PBXBuildFile; fileRef = 8A71B9871ED7C64C00AD3B8E /* Charts.framework */; };
		8A71B98C1ED7C74600AD3B8E /* Charts.framework in Embed Frameworks */ = {isa = PBXBuildFile; fileRef = 8A71B9871ED7C64C00AD3B8E /* Charts.framework */; settings = {ATTRIBUTES = (CodeSignOnCopy, RemoveHeadersOnCopy, ); }; };
		8A71B9911ED7D1E000AD3B8E /* LineChartCell.m in Sources */ = {isa = PBXBuildFile; fileRef = 8A71B9901ED7D1E000AD3B8E /* LineChartCell.m */; };
		8AD3A7111EE52D1100F25A53 /* SPView.m in Sources */ = {isa = PBXBuildFile; fileRef = 8AD3A7101EE52D1100F25A53 /* SPView.m */; };
/* End PBXBuildFile section */

/* Begin PBXContainerItemProxy section */
		8A22768F1EDEC7B800C61029 /* PBXContainerItemProxy */ = {
			isa = PBXContainerItemProxy;
			containerPortal = 8A22768A1EDEC7B700C61029 /* EZAudio.xcodeproj */;
			proxyType = 2;
			remoteGlobalIDString = 469F4CF31B749F7800666A46;
			remoteInfo = EZAudioiOS;
		};
		8A2276911EDEC7B800C61029 /* PBXContainerItemProxy */ = {
			isa = PBXContainerItemProxy;
			containerPortal = 8A22768A1EDEC7B700C61029 /* EZAudio.xcodeproj */;
			proxyType = 2;
			remoteGlobalIDString = 8A5A4B9C1BBBDCB200A8A048;
			remoteInfo = EZAudioOSX;
		};
		8A2276981EDECE8E00C61029 /* PBXContainerItemProxy */ = {
			isa = PBXContainerItemProxy;
			containerPortal = 8A22768A1EDEC7B700C61029 /* EZAudio.xcodeproj */;
			proxyType = 1;
			remoteGlobalIDString = 469F4CF21B749F7800666A46;
			remoteInfo = EZAudioiOS;
		};
		8A54A0F01ED5253A00E3913D /* PBXContainerItemProxy */ = {
			isa = PBXContainerItemProxy;
			containerPortal = 8A54A0CE1ED5253A00E3913D /* Project object */;
			proxyType = 1;
			remoteGlobalIDString = 8A54A0D51ED5253A00E3913D;
			remoteInfo = AudioTouch;
		};
		8A54A0FB1ED5253A00E3913D /* PBXContainerItemProxy */ = {
			isa = PBXContainerItemProxy;
			containerPortal = 8A54A0CE1ED5253A00E3913D /* Project object */;
			proxyType = 1;
			remoteGlobalIDString = 8A54A0D51ED5253A00E3913D;
			remoteInfo = AudioTouch;
		};
		8A71B9861ED7C64C00AD3B8E /* PBXContainerItemProxy */ = {
			isa = PBXContainerItemProxy;
			containerPortal = 8A71B9811ED7C64B00AD3B8E /* Charts.xcodeproj */;
			proxyType = 2;
			remoteGlobalIDString = 06165F241D8110E600722320;
			remoteInfo = Charts;
		};
		8A71B9881ED7C64C00AD3B8E /* PBXContainerItemProxy */ = {
			isa = PBXContainerItemProxy;
			containerPortal = 8A71B9811ED7C64B00AD3B8E /* Charts.xcodeproj */;
			proxyType = 2;
			remoteGlobalIDString = 06165F2E1D8110E600722320;
			remoteInfo = ChartsTests;
		};
		8A71B98D1ED7C74600AD3B8E /* PBXContainerItemProxy */ = {
			isa = PBXContainerItemProxy;
			containerPortal = 8A71B9811ED7C64B00AD3B8E /* Charts.xcodeproj */;
			proxyType = 1;
			remoteGlobalIDString = 06165F231D8110E600722320;
			remoteInfo = Charts;
		};
/* End PBXContainerItemProxy section */

/* Begin PBXCopyFilesBuildPhase section */
		8A71B97A1ED7C37100AD3B8E /* Embed Frameworks */ = {
			isa = PBXCopyFilesBuildPhase;
			buildActionMask = 2147483647;
			dstPath = "";
			dstSubfolderSpec = 10;
			files = (
				8A2276971EDECE8D00C61029 /* EZAudioiOS.framework in Embed Frameworks */,
				8A71B98C1ED7C74600AD3B8E /* Charts.framework in Embed Frameworks */,
			);
			name = "Embed Frameworks";
			runOnlyForDeploymentPostprocessing = 0;
		};
/* End PBXCopyFilesBuildPhase section */

/* Begin PBXFileReference section */
		8A22768A1EDEC7B700C61029 /* EZAudio.xcodeproj */ = {isa = PBXFileReference; lastKnownFileType = "wrapper.pb-project"; name = EZAudio.xcodeproj; path = AudioTouch/EZAudio.xcodeproj; sourceTree = "<group>"; };
		8A54A0D61ED5253A00E3913D /* AudioTouch.app */ = {isa = PBXFileReference; explicitFileType = wrapper.application; includeInIndex = 0; path = AudioTouch.app; sourceTree = BUILT_PRODUCTS_DIR; };
		8A54A0DA1ED5253A00E3913D /* main.m */ = {isa = PBXFileReference; lastKnownFileType = sourcecode.c.objc; path = main.m; sourceTree = "<group>"; };
		8A54A0DC1ED5253A00E3913D /* AppDelegate.h */ = {isa = PBXFileReference; lastKnownFileType = sourcecode.c.h; path = AppDelegate.h; sourceTree = "<group>"; };
		8A54A0DD1ED5253A00E3913D /* AppDelegate.m */ = {isa = PBXFileReference; lastKnownFileType = sourcecode.c.objc; path = AppDelegate.m; sourceTree = "<group>"; };
		8A54A0DF1ED5253A00E3913D /* ViewController.h */ = {isa = PBXFileReference; lastKnownFileType = sourcecode.c.h; path = ViewController.h; sourceTree = "<group>"; };
		8A54A0E01ED5253A00E3913D /* ViewController.mm */ = {isa = PBXFileReference; lastKnownFileType = sourcecode.cpp.objcpp; path = ViewController.mm; sourceTree = "<group>"; };
		8A54A0E31ED5253A00E3913D /* Base */ = {isa = PBXFileReference; lastKnownFileType = file.storyboard; name = Base; path = Base.lproj/Main.storyboard; sourceTree = "<group>"; };
		8A54A0E51ED5253A00E3913D /* Assets.xcassets */ = {isa = PBXFileReference; lastKnownFileType = folder.assetcatalog; path = Assets.xcassets; sourceTree = "<group>"; };
		8A54A0E81ED5253A00E3913D /* Base */ = {isa = PBXFileReference; lastKnownFileType = file.storyboard; name = Base; path = Base.lproj/LaunchScreen.storyboard; sourceTree = "<group>"; };
		8A54A0EA1ED5253A00E3913D /* Info.plist */ = {isa = PBXFileReference; lastKnownFileType = text.plist.xml; path = Info.plist; sourceTree = "<group>"; };
		8A54A0EF1ED5253A00E3913D /* AudioTouchTests.xctest */ = {isa = PBXFileReference; explicitFileType = wrapper.cfbundle; includeInIndex = 0; path = AudioTouchTests.xctest; sourceTree = BUILT_PRODUCTS_DIR; };
		8A54A0F31ED5253A00E3913D /* AudioTouchTests.m */ = {isa = PBXFileReference; lastKnownFileType = sourcecode.c.objc; path = AudioTouchTests.m; sourceTree = "<group>"; };
		8A54A0F51ED5253A00E3913D /* Info.plist */ = {isa = PBXFileReference; lastKnownFileType = text.plist.xml; path = Info.plist; sourceTree = "<group>"; };
		8A54A0FA1ED5253A00E3913D /* AudioTouchUITests.xctest */ = {isa = PBXFileReference; explicitFileType = wrapper.cfbundle; includeInIndex = 0; path = AudioTouchUITests.xctest; sourceTree = BUILT_PRODUCTS_DIR; };
		8A54A0FE1ED5253A00E3913D /* AudioTouchUITests.m */ = {isa = PBXFileReference; lastKnownFileType = sourcecode.c.objc; path = AudioTouchUITests.m; sourceTree = "<group>"; };
		8A54A1001ED5253A00E3913D /* Info.plist */ = {isa = PBXFileReference; lastKnownFileType = text.plist.xml; path = Info.plist; sourceTree = "<group>"; };
		8A54A1151ED5296F00E3913D /* UIKit.framework */ = {isa = PBXFileReference; lastKnownFileType = wrapper.framework; name = UIKit.framework; path = System/Library/Frameworks/UIKit.framework; sourceTree = SDKROOT; };
		8A54A1171ED5297500E3913D /* Foundation.framework */ = {isa = PBXFileReference; lastKnownFileType = wrapper.framework; name = Foundation.framework; path = System/Library/Frameworks/Foundation.framework; sourceTree = SDKROOT; };
		8A54A1191ED5299D00E3913D /* DetectingSoundFrequency-Prefix.pch */ = {isa = PBXFileReference; fileEncoding = 4; lastKnownFileType = sourcecode.c.h; path = "DetectingSoundFrequency-Prefix.pch"; sourceTree = "<group>"; };
		8A54A11D1ED52D3F00E3913D /* Accelerate.framework */ = {isa = PBXFileReference; lastKnownFileType = wrapper.framework; name = Accelerate.framework; path = System/Library/Frameworks/Accelerate.framework; sourceTree = SDKROOT; };
		8A54A11F1ED52D4E00E3913D /* AudioToolbox.framework */ = {isa = PBXFileReference; lastKnownFileType = wrapper.framework; name = AudioToolbox.framework; path = System/Library/Frameworks/AudioToolbox.framework; sourceTree = SDKROOT; };
		8A54A1211ED52D5500E3913D /* MediaPlayer.framework */ = {isa = PBXFileReference; lastKnownFileType = wrapper.framework; name = MediaPlayer.framework; path = System/Library/Frameworks/MediaPlayer.framework; sourceTree = SDKROOT; };
		8A54A1231ED52D5D00E3913D /* OpenGLES.framework */ = {isa = PBXFileReference; lastKnownFileType = wrapper.framework; name = OpenGLES.framework; path = System/Library/Frameworks/OpenGLES.framework; sourceTree = SDKROOT; };
		8A54A1251ED52D6600E3913D /* CoreGraphics.framework */ = {isa = PBXFileReference; lastKnownFileType = wrapper.framework; name = CoreGraphics.framework; path = System/Library/Frameworks/CoreGraphics.framework; sourceTree = SDKROOT; };
		8A54A1271ED5359200E3913D /* FFTHelper.h */ = {isa = PBXFileReference; fileEncoding = 4; lastKnownFileType = sourcecode.c.h; path = FFTHelper.h; sourceTree = "<group>"; };
		8A54A1281ED5359600E3913D /* FFTHelper.mm */ = {isa = PBXFileReference; fileEncoding = 4; lastKnownFileType = sourcecode.cpp.objcpp; path = FFTHelper.mm; sourceTree = "<group>"; };
		8A54A12B1ED5397C00E3913D /* mo_audio.h */ = {isa = PBXFileReference; fileEncoding = 4; lastKnownFileType = sourcecode.c.h; path = mo_audio.h; sourceTree = "<group>"; };
		8A54A12C1ED5397C00E3913D /* mo_audio.mm */ = {isa = PBXFileReference; fileEncoding = 4; lastKnownFileType = sourcecode.cpp.objcpp; path = mo_audio.mm; sourceTree = "<group>"; };
		8A54A12D1ED5397C00E3913D /* mo_def.h */ = {isa = PBXFileReference; fileEncoding = 4; lastKnownFileType = sourcecode.c.h; path = mo_def.h; sourceTree = "<group>"; };
		8A54A12E1ED5397C00E3913D /* mo_gfx.h */ = {isa = PBXFileReference; fileEncoding = 4; lastKnownFileType = sourcecode.c.h; path = mo_gfx.h; sourceTree = "<group>"; };
		8A54A12F1ED5397C00E3913D /* mo_gfx.mm */ = {isa = PBXFileReference; fileEncoding = 4; lastKnownFileType = sourcecode.cpp.objcpp; path = mo_gfx.mm; sourceTree = "<group>"; };
		8A54A1321ED5540400E3913D /* AVFoundation.framework */ = {isa = PBXFileReference; lastKnownFileType = wrapper.framework; name = AVFoundation.framework; path = System/Library/Frameworks/AVFoundation.framework; sourceTree = SDKROOT; };
		8A71B97B1ED7C3B200AD3B8E /* AudioTouch-Bridging-Header.h */ = {isa = PBXFileReference; lastKnownFileType = sourcecode.c.h; path = "AudioTouch-Bridging-Header.h"; sourceTree = "<group>"; };
		8A71B97C1ED7C3B300AD3B8E /* LineChart.swift */ = {isa = PBXFileReference; fileEncoding = 4; lastKnownFileType = sourcecode.swift; path = LineChart.swift; sourceTree = "<group>"; };
		8A71B97E1ED7C3DD00AD3B8E /* LienChartView.h */ = {isa = PBXFileReference; fileEncoding = 4; lastKnownFileType = sourcecode.c.h; path = LienChartView.h; sourceTree = "<group>"; };
		8A71B97F1ED7C3DD00AD3B8E /* LienChartView.m */ = {isa = PBXFileReference; fileEncoding = 4; lastKnownFileType = sourcecode.c.objc; path = LienChartView.m; sourceTree = "<group>"; };
		8A71B9811ED7C64B00AD3B8E /* Charts.xcodeproj */ = {isa = PBXFileReference; lastKnownFileType = "wrapper.pb-project"; name = Charts.xcodeproj; path = AudioTouch/Chart/LineChart/Charts.xcodeproj; sourceTree = "<group>"; };
		8A71B98F1ED7D1E000AD3B8E /* LineChartCell.h */ = {isa = PBXFileReference; fileEncoding = 4; lastKnownFileType = sourcecode.c.h; path = LineChartCell.h; sourceTree = "<group>"; };
		8A71B9901ED7D1E000AD3B8E /* LineChartCell.m */ = {isa = PBXFileReference; fileEncoding = 4; lastKnownFileType = sourcecode.c.objc; path = LineChartCell.m; sourceTree = "<group>"; };
		8AD3A7101EE52D1100F25A53 /* SPView.m */ = {isa = PBXFileReference; fileEncoding = 4; lastKnownFileType = sourcecode.c.objc; path = SPView.m; sourceTree = "<group>"; };
		8AD3A7141EE52D1800F25A53 /* SPView.h */ = {isa = PBXFileReference; fileEncoding = 4; lastKnownFileType = sourcecode.c.h; path = SPView.h; sourceTree = "<group>"; };
/* End PBXFileReference section */

/* Begin PBXFrameworksBuildPhase section */
		8A54A0D31ED5253A00E3913D /* Frameworks */ = {
			isa = PBXFrameworksBuildPhase;
			buildActionMask = 2147483647;
			files = (
				8A54A1331ED5540400E3913D /* AVFoundation.framework in Frameworks */,
				8A54A1261ED52D6600E3913D /* CoreGraphics.framework in Frameworks */,
				8A54A1241ED52D5D00E3913D /* OpenGLES.framework in Frameworks */,
				8A71B98B1ED7C74600AD3B8E /* Charts.framework in Frameworks */,
				8A2276961EDECE8D00C61029 /* EZAudioiOS.framework in Frameworks */,
				8A54A1221ED52D5500E3913D /* MediaPlayer.framework in Frameworks */,
				8A54A1201ED52D4E00E3913D /* AudioToolbox.framework in Frameworks */,
				8A54A11E1ED52D3F00E3913D /* Accelerate.framework in Frameworks */,
				8A54A1181ED5297500E3913D /* Foundation.framework in Frameworks */,
				8A54A1161ED5296F00E3913D /* UIKit.framework in Frameworks */,
			);
			runOnlyForDeploymentPostprocessing = 0;
		};
		8A54A0EC1ED5253A00E3913D /* Frameworks */ = {
			isa = PBXFrameworksBuildPhase;
			buildActionMask = 2147483647;
			files = (
			);
			runOnlyForDeploymentPostprocessing = 0;
		};
		8A54A0F71ED5253A00E3913D /* Frameworks */ = {
			isa = PBXFrameworksBuildPhase;
			buildActionMask = 2147483647;
			files = (
			);
			runOnlyForDeploymentPostprocessing = 0;
		};
/* End PBXFrameworksBuildPhase section */

/* Begin PBXGroup section */
		8A22768B1EDEC7B700C61029 /* Products */ = {
			isa = PBXGroup;
			children = (
				8A2276901EDEC7B800C61029 /* EZAudioiOS.framework */,
				8A2276921EDEC7B800C61029 /* EZAudioOSX.framework */,
			);
			name = Products;
			sourceTree = "<group>";
		};
		8A54A0CD1ED5253900E3913D = {
			isa = PBXGroup;
			children = (
				8A22768A1EDEC7B700C61029 /* EZAudio.xcodeproj */,
				8A71B9811ED7C64B00AD3B8E /* Charts.xcodeproj */,
				8A54A0D81ED5253A00E3913D /* AudioTouch */,
				8A54A0F21ED5253A00E3913D /* AudioTouchTests */,
				8A54A0FD1ED5253A00E3913D /* AudioTouchUITests */,
				8A54A0D71ED5253A00E3913D /* Products */,
				8A54A1141ED5296F00E3913D /* Frameworks */,
			);
			sourceTree = "<group>";
		};
		8A54A0D71ED5253A00E3913D /* Products */ = {
			isa = PBXGroup;
			children = (
				8A54A0D61ED5253A00E3913D /* AudioTouch.app */,
				8A54A0EF1ED5253A00E3913D /* AudioTouchTests.xctest */,
				8A54A0FA1ED5253A00E3913D /* AudioTouchUITests.xctest */,
			);
			name = Products;
			sourceTree = "<group>";
		};
		8A54A0D81ED5253A00E3913D /* AudioTouch */ = {
			isa = PBXGroup;
			children = (
				8A71B96C1ED7C33000AD3B8E /* Chart */,
				8A54A12A1ED5397C00E3913D /* momu source */,
				8A54A0DC1ED5253A00E3913D /* AppDelegate.h */,
				8A54A0DD1ED5253A00E3913D /* AppDelegate.m */,
				8A54A0DF1ED5253A00E3913D /* ViewController.h */,
				8A54A0E01ED5253A00E3913D /* ViewController.mm */,
				8A54A1271ED5359200E3913D /* FFTHelper.h */,
				8A54A1281ED5359600E3913D /* FFTHelper.mm */,
				8A54A0E21ED5253A00E3913D /* Main.storyboard */,
				8A54A0E51ED5253A00E3913D /* Assets.xcassets */,
				8A54A0E71ED5253A00E3913D /* LaunchScreen.storyboard */,
				8A54A0EA1ED5253A00E3913D /* Info.plist */,
				8A54A0D91ED5253A00E3913D /* Supporting Files */,
			);
			path = AudioTouch;
			sourceTree = "<group>";
		};
		8A54A0D91ED5253A00E3913D /* Supporting Files */ = {
			isa = PBXGroup;
			children = (
				8A54A1191ED5299D00E3913D /* DetectingSoundFrequency-Prefix.pch */,
				8A54A0DA1ED5253A00E3913D /* main.m */,
			);
			name = "Supporting Files";
			sourceTree = "<group>";
		};
		8A54A0F21ED5253A00E3913D /* AudioTouchTests */ = {
			isa = PBXGroup;
			children = (
				8A54A0F31ED5253A00E3913D /* AudioTouchTests.m */,
				8A54A0F51ED5253A00E3913D /* Info.plist */,
			);
			path = AudioTouchTests;
			sourceTree = "<group>";
		};
		8A54A0FD1ED5253A00E3913D /* AudioTouchUITests */ = {
			isa = PBXGroup;
			children = (
				8A54A0FE1ED5253A00E3913D /* AudioTouchUITests.m */,
				8A54A1001ED5253A00E3913D /* Info.plist */,
			);
			path = AudioTouchUITests;
			sourceTree = "<group>";
		};
		8A54A1141ED5296F00E3913D /* Frameworks */ = {
			isa = PBXGroup;
			children = (
				8A54A1321ED5540400E3913D /* AVFoundation.framework */,
				8A54A1251ED52D6600E3913D /* CoreGraphics.framework */,
				8A54A1231ED52D5D00E3913D /* OpenGLES.framework */,
				8A54A1211ED52D5500E3913D /* MediaPlayer.framework */,
				8A54A11F1ED52D4E00E3913D /* AudioToolbox.framework */,
				8A54A11D1ED52D3F00E3913D /* Accelerate.framework */,
				8A54A1171ED5297500E3913D /* Foundation.framework */,
				8A54A1151ED5296F00E3913D /* UIKit.framework */,
			);
			name = Frameworks;
			sourceTree = "<group>";
		};
		8A54A12A1ED5397C00E3913D /* momu source */ = {
			isa = PBXGroup;
			children = (
				8A54A12B1ED5397C00E3913D /* mo_audio.h */,
				8A54A12C1ED5397C00E3913D /* mo_audio.mm */,
				8A54A12D1ED5397C00E3913D /* mo_def.h */,
				8A54A12E1ED5397C00E3913D /* mo_gfx.h */,
				8A54A12F1ED5397C00E3913D /* mo_gfx.mm */,
			);
			path = "momu source";
			sourceTree = "<group>";
		};
		8A71B96C1ED7C33000AD3B8E /* Chart */ = {
			isa = PBXGroup;
			children = (
				8AD3A7141EE52D1800F25A53 /* SPView.h */,
				8AD3A7101EE52D1100F25A53 /* SPView.m */,
				8A71B97C1ED7C3B300AD3B8E /* LineChart.swift */,
				8A71B97B1ED7C3B200AD3B8E /* AudioTouch-Bridging-Header.h */,
				8A71B97E1ED7C3DD00AD3B8E /* LienChartView.h */,
				8A71B97F1ED7C3DD00AD3B8E /* LienChartView.m */,
				8A71B98F1ED7D1E000AD3B8E /* LineChartCell.h */,
				8A71B9901ED7D1E000AD3B8E /* LineChartCell.m */,
			);
			path = Chart;
			sourceTree = "<group>";
		};
		8A71B9821ED7C64B00AD3B8E /* Products */ = {
			isa = PBXGroup;
			children = (
				8A71B9871ED7C64C00AD3B8E /* Charts.framework */,
				8A71B9891ED7C64C00AD3B8E /* ChartsTests.xctest */,
			);
			name = Products;
			sourceTree = "<group>";
		};
/* End PBXGroup section */

/* Begin PBXNativeTarget section */
		8A54A0D51ED5253A00E3913D /* AudioTouch */ = {
			isa = PBXNativeTarget;
			buildConfigurationList = 8A54A1031ED5253A00E3913D /* Build configuration list for PBXNativeTarget "AudioTouch" */;
			buildPhases = (
				8A54A0D21ED5253A00E3913D /* Sources */,
				8A54A0D31ED5253A00E3913D /* Frameworks */,
				8A54A0D41ED5253A00E3913D /* Resources */,
				8A71B97A1ED7C37100AD3B8E /* Embed Frameworks */,
			);
			buildRules = (
			);
			dependencies = (
				8A71B98E1ED7C74600AD3B8E /* PBXTargetDependency */,
				8A2276991EDECE8E00C61029 /* PBXTargetDependency */,
			);
			name = AudioTouch;
			productName = AudioTouch;
			productReference = 8A54A0D61ED5253A00E3913D /* AudioTouch.app */;
			productType = "com.apple.product-type.application";
		};
		8A54A0EE1ED5253A00E3913D /* AudioTouchTests */ = {
			isa = PBXNativeTarget;
			buildConfigurationList = 8A54A1061ED5253A00E3913D /* Build configuration list for PBXNativeTarget "AudioTouchTests" */;
			buildPhases = (
				8A54A0EB1ED5253A00E3913D /* Sources */,
				8A54A0EC1ED5253A00E3913D /* Frameworks */,
				8A54A0ED1ED5253A00E3913D /* Resources */,
			);
			buildRules = (
			);
			dependencies = (
				8A54A0F11ED5253A00E3913D /* PBXTargetDependency */,
			);
			name = AudioTouchTests;
			productName = AudioTouchTests;
			productReference = 8A54A0EF1ED5253A00E3913D /* AudioTouchTests.xctest */;
			productType = "com.apple.product-type.bundle.unit-test";
		};
		8A54A0F91ED5253A00E3913D /* AudioTouchUITests */ = {
			isa = PBXNativeTarget;
			buildConfigurationList = 8A54A1091ED5253A00E3913D /* Build configuration list for PBXNativeTarget "AudioTouchUITests" */;
			buildPhases = (
				8A54A0F61ED5253A00E3913D /* Sources */,
				8A54A0F71ED5253A00E3913D /* Frameworks */,
				8A54A0F81ED5253A00E3913D /* Resources */,
			);
			buildRules = (
			);
			dependencies = (
				8A54A0FC1ED5253A00E3913D /* PBXTargetDependency */,
			);
			name = AudioTouchUITests;
			productName = AudioTouchUITests;
			productReference = 8A54A0FA1ED5253A00E3913D /* AudioTouchUITests.xctest */;
			productType = "com.apple.product-type.bundle.ui-testing";
		};
/* End PBXNativeTarget section */

/* Begin PBXProject section */
		8A54A0CE1ED5253A00E3913D /* Project object */ = {
			isa = PBXProject;
			attributes = {
				LastUpgradeCheck = 0820;
				ORGANIZATIONNAME = newland;
				TargetAttributes = {
					8A54A0D51ED5253A00E3913D = {
						CreatedOnToolsVersion = 8.2.1;
						DevelopmentTeam = K5969T4PP6;
						LastSwiftMigration = 0830;
						ProvisioningStyle = Automatic;
					};
					8A54A0EE1ED5253A00E3913D = {
						CreatedOnToolsVersion = 8.2.1;
						ProvisioningStyle = Automatic;
						TestTargetID = 8A54A0D51ED5253A00E3913D;
					};
					8A54A0F91ED5253A00E3913D = {
						CreatedOnToolsVersion = 8.2.1;
						ProvisioningStyle = Automatic;
						TestTargetID = 8A54A0D51ED5253A00E3913D;
					};
				};
			};
			buildConfigurationList = 8A54A0D11ED5253A00E3913D /* Build configuration list for PBXProject "AudioTouch" */;
			compatibilityVersion = "Xcode 3.2";
			developmentRegion = English;
			hasScannedForEncodings = 0;
			knownRegions = (
				en,
				Base,
			);
			mainGroup = 8A54A0CD1ED5253900E3913D;
			productRefGroup = 8A54A0D71ED5253A00E3913D /* Products */;
			projectDirPath = "";
			projectReferences = (
				{
					ProductGroup = 8A71B9821ED7C64B00AD3B8E /* Products */;
					ProjectRef = 8A71B9811ED7C64B00AD3B8E /* Charts.xcodeproj */;
				},
				{
					ProductGroup = 8A22768B1EDEC7B700C61029 /* Products */;
					ProjectRef = 8A22768A1EDEC7B700C61029 /* EZAudio.xcodeproj */;
				},
			);
			projectRoot = "";
			targets = (
				8A54A0D51ED5253A00E3913D /* AudioTouch */,
				8A54A0EE1ED5253A00E3913D /* AudioTouchTests */,
				8A54A0F91ED5253A00E3913D /* AudioTouchUITests */,
			);
		};
/* End PBXProject section */

/* Begin PBXReferenceProxy section */
		8A2276901EDEC7B800C61029 /* EZAudioiOS.framework */ = {
			isa = PBXReferenceProxy;
			fileType = wrapper.framework;
			path = EZAudioiOS.framework;
			remoteRef = 8A22768F1EDEC7B800C61029 /* PBXContainerItemProxy */;
			sourceTree = BUILT_PRODUCTS_DIR;
		};
		8A2276921EDEC7B800C61029 /* EZAudioOSX.framework */ = {
			isa = PBXReferenceProxy;
			fileType = wrapper.framework;
			path = EZAudioOSX.framework;
			remoteRef = 8A2276911EDEC7B800C61029 /* PBXContainerItemProxy */;
			sourceTree = BUILT_PRODUCTS_DIR;
		};
		8A71B9871ED7C64C00AD3B8E /* Charts.framework */ = {
			isa = PBXReferenceProxy;
			fileType = wrapper.framework;
			path = Charts.framework;
			remoteRef = 8A71B9861ED7C64C00AD3B8E /* PBXContainerItemProxy */;
			sourceTree = BUILT_PRODUCTS_DIR;
		};
		8A71B9891ED7C64C00AD3B8E /* ChartsTests.xctest */ = {
			isa = PBXReferenceProxy;
			fileType = wrapper.cfbundle;
			path = ChartsTests.xctest;
			remoteRef = 8A71B9881ED7C64C00AD3B8E /* PBXContainerItemProxy */;
			sourceTree = BUILT_PRODUCTS_DIR;
		};
/* End PBXReferenceProxy section */

/* Begin PBXResourcesBuildPhase section */
		8A54A0D41ED5253A00E3913D /* Resources */ = {
			isa = PBXResourcesBuildPhase;
			buildActionMask = 2147483647;
			files = (
				8A54A0E91ED5253A00E3913D /* LaunchScreen.storyboard in Resources */,
				8A54A0E61ED5253A00E3913D /* Assets.xcassets in Resources */,
				8A54A0E41ED5253A00E3913D /* Main.storyboard in Resources */,
			);
			runOnlyForDeploymentPostprocessing = 0;
		};
		8A54A0ED1ED5253A00E3913D /* Resources */ = {
			isa = PBXResourcesBuildPhase;
			buildActionMask = 2147483647;
			files = (
			);
			runOnlyForDeploymentPostprocessing = 0;
		};
		8A54A0F81ED5253A00E3913D /* Resources */ = {
			isa = PBXResourcesBuildPhase;
			buildActionMask = 2147483647;
			files = (
			);
			runOnlyForDeploymentPostprocessing = 0;
		};
/* End PBXResourcesBuildPhase section */

/* Begin PBXSourcesBuildPhase section */
		8A54A0D21ED5253A00E3913D /* Sources */ = {
			isa = PBXSourcesBuildPhase;
			buildActionMask = 2147483647;
			files = (
				8A54A1291ED5359600E3913D /* FFTHelper.mm in Sources */,
				8A54A0E11ED5253A00E3913D /* ViewController.mm in Sources */,
				8A71B9911ED7D1E000AD3B8E /* LineChartCell.m in Sources */,
				8A54A0DE1ED5253A00E3913D /* AppDelegate.m in Sources */,
				8A54A1301ED5397C00E3913D /* mo_audio.mm in Sources */,
				8A71B97D1ED7C3B300AD3B8E /* LineChart.swift in Sources */,
				8A54A0DB1ED5253A00E3913D /* main.m in Sources */,
				8A54A1311ED5397C00E3913D /* mo_gfx.mm in Sources */,
				8A71B9801ED7C3DD00AD3B8E /* LienChartView.m in Sources */,
				8AD3A7111EE52D1100F25A53 /* SPView.m in Sources */,
			);
			runOnlyForDeploymentPostprocessing = 0;
		};
		8A54A0EB1ED5253A00E3913D /* Sources */ = {
			isa = PBXSourcesBuildPhase;
			buildActionMask = 2147483647;
			files = (
				8A54A0F41ED5253A00E3913D /* AudioTouchTests.m in Sources */,
			);
			runOnlyForDeploymentPostprocessing = 0;
		};
		8A54A0F61ED5253A00E3913D /* Sources */ = {
			isa = PBXSourcesBuildPhase;
			buildActionMask = 2147483647;
			files = (
				8A54A0FF1ED5253A00E3913D /* AudioTouchUITests.m in Sources */,
			);
			runOnlyForDeploymentPostprocessing = 0;
		};
/* End PBXSourcesBuildPhase section */

/* Begin PBXTargetDependency section */
		8A2276991EDECE8E00C61029 /* PBXTargetDependency */ = {
			isa = PBXTargetDependency;
			name = EZAudioiOS;
			targetProxy = 8A2276981EDECE8E00C61029 /* PBXContainerItemProxy */;
		};
		8A54A0F11ED5253A00E3913D /* PBXTargetDependency */ = {
			isa = PBXTargetDependency;
			target = 8A54A0D51ED5253A00E3913D /* AudioTouch */;
			targetProxy = 8A54A0F01ED5253A00E3913D /* PBXContainerItemProxy */;
		};
		8A54A0FC1ED5253A00E3913D /* PBXTargetDependency */ = {
			isa = PBXTargetDependency;
			target = 8A54A0D51ED5253A00E3913D /* AudioTouch */;
			targetProxy = 8A54A0FB1ED5253A00E3913D /* PBXContainerItemProxy */;
		};
		8A71B98E1ED7C74600AD3B8E /* PBXTargetDependency */ = {
			isa = PBXTargetDependency;
			name = Charts;
			targetProxy = 8A71B98D1ED7C74600AD3B8E /* PBXContainerItemProxy */;
		};
/* End PBXTargetDependency section */

/* Begin PBXVariantGroup section */
		8A54A0E21ED5253A00E3913D /* Main.storyboard */ = {
			isa = PBXVariantGroup;
			children = (
				8A54A0E31ED5253A00E3913D /* Base */,
			);
			name = Main.storyboard;
			sourceTree = "<group>";
		};
		8A54A0E71ED5253A00E3913D /* LaunchScreen.storyboard */ = {
			isa = PBXVariantGroup;
			children = (
				8A54A0E81ED5253A00E3913D /* Base */,
			);
			name = LaunchScreen.storyboard;
			sourceTree = "<group>";
		};
/* End PBXVariantGroup section */

/* Begin XCBuildConfiguration section */
		8A54A1011ED5253A00E3913D /* Debug */ = {
			isa = XCBuildConfiguration;
			buildSettings = {
				ALWAYS_SEARCH_USER_PATHS = NO;
				CLANG_ANALYZER_NONNULL = YES;
				CLANG_CXX_LANGUAGE_STANDARD = "gnu++0x";
				CLANG_CXX_LIBRARY = "libc++";
				CLANG_ENABLE_MODULES = YES;
				CLANG_ENABLE_OBJC_ARC = YES;
				CLANG_WARN_BOOL_CONVERSION = YES;
				CLANG_WARN_CONSTANT_CONVERSION = YES;
				CLANG_WARN_DIRECT_OBJC_ISA_USAGE = YES_ERROR;
				CLANG_WARN_DOCUMENTATION_COMMENTS = YES;
				CLANG_WARN_EMPTY_BODY = YES;
				CLANG_WARN_ENUM_CONVERSION = YES;
				CLANG_WARN_INFINITE_RECURSION = YES;
				CLANG_WARN_INT_CONVERSION = YES;
				CLANG_WARN_OBJC_ROOT_CLASS = YES_ERROR;
				CLANG_WARN_SUSPICIOUS_MOVE = YES;
				CLANG_WARN_UNREACHABLE_CODE = YES;
				CLANG_WARN__DUPLICATE_METHOD_MATCH = YES;
				"CODE_SIGN_IDENTITY[sdk=iphoneos*]" = "iPhone Developer";
				COPY_PHASE_STRIP = NO;
				DEBUG_INFORMATION_FORMAT = dwarf;
				ENABLE_STRICT_OBJC_MSGSEND = YES;
				ENABLE_TESTABILITY = YES;
				GCC_C_LANGUAGE_STANDARD = gnu99;
				GCC_DYNAMIC_NO_PIC = NO;
				GCC_NO_COMMON_BLOCKS = YES;
				GCC_OPTIMIZATION_LEVEL = 0;
				GCC_PREPROCESSOR_DEFINITIONS = (
					"DEBUG=1",
					"$(inherited)",
				);
				GCC_WARN_64_TO_32_BIT_CONVERSION = YES;
				GCC_WARN_ABOUT_RETURN_TYPE = YES_ERROR;
				GCC_WARN_UNDECLARED_SELECTOR = YES;
				GCC_WARN_UNINITIALIZED_AUTOS = YES_AGGRESSIVE;
				GCC_WARN_UNUSED_FUNCTION = YES;
				GCC_WARN_UNUSED_VARIABLE = YES;
				IPHONEOS_DEPLOYMENT_TARGET = 10.2;
				MTL_ENABLE_DEBUG_INFO = YES;
				ONLY_ACTIVE_ARCH = YES;
				SDKROOT = iphoneos;
				TARGETED_DEVICE_FAMILY = "1,2";
			};
			name = Debug;
		};
		8A54A1021ED5253A00E3913D /* Release */ = {
			isa = XCBuildConfiguration;
			buildSettings = {
				ALWAYS_SEARCH_USER_PATHS = NO;
				CLANG_ANALYZER_NONNULL = YES;
				CLANG_CXX_LANGUAGE_STANDARD = "gnu++0x";
				CLANG_CXX_LIBRARY = "libc++";
				CLANG_ENABLE_MODULES = YES;
				CLANG_ENABLE_OBJC_ARC = YES;
				CLANG_WARN_BOOL_CONVERSION = YES;
				CLANG_WARN_CONSTANT_CONVERSION = YES;
				CLANG_WARN_DIRECT_OBJC_ISA_USAGE = YES_ERROR;
				CLANG_WARN_DOCUMENTATION_COMMENTS = YES;
				CLANG_WARN_EMPTY_BODY = YES;
				CLANG_WARN_ENUM_CONVERSION = YES;
				CLANG_WARN_INFINITE_RECURSION = YES;
				CLANG_WARN_INT_CONVERSION = YES;
				CLANG_WARN_OBJC_ROOT_CLASS = YES_ERROR;
				CLANG_WARN_SUSPICIOUS_MOVE = YES;
				CLANG_WARN_UNREACHABLE_CODE = YES;
				CLANG_WARN__DUPLICATE_METHOD_MATCH = YES;
				"CODE_SIGN_IDENTITY[sdk=iphoneos*]" = "iPhone Developer";
				COPY_PHASE_STRIP = NO;
				DEBUG_INFORMATION_FORMAT = "dwarf-with-dsym";
				ENABLE_NS_ASSERTIONS = NO;
				ENABLE_STRICT_OBJC_MSGSEND = YES;
				GCC_C_LANGUAGE_STANDARD = gnu99;
				GCC_NO_COMMON_BLOCKS = YES;
				GCC_WARN_64_TO_32_BIT_CONVERSION = YES;
				GCC_WARN_ABOUT_RETURN_TYPE = YES_ERROR;
				GCC_WARN_UNDECLARED_SELECTOR = YES;
				GCC_WARN_UNINITIALIZED_AUTOS = YES_AGGRESSIVE;
				GCC_WARN_UNUSED_FUNCTION = YES;
				GCC_WARN_UNUSED_VARIABLE = YES;
				IPHONEOS_DEPLOYMENT_TARGET = 10.2;
				MTL_ENABLE_DEBUG_INFO = NO;
				SDKROOT = iphoneos;
				TARGETED_DEVICE_FAMILY = "1,2";
				VALIDATE_PRODUCT = YES;
			};
			name = Release;
		};
		8A54A1041ED5253A00E3913D /* Debug */ = {
			isa = XCBuildConfiguration;
			buildSettings = {
				ALWAYS_EMBED_SWIFT_STANDARD_LIBRARIES = YES;
				ASSETCATALOG_COMPILER_APPICON_NAME = AppIcon;
				CLANG_ENABLE_MODULES = YES;
				"CODE_SIGN_IDENTITY[sdk=iphoneos*]" = "iPhone Developer";
				DEVELOPMENT_TEAM = K5969T4PP6;
				GCC_PREFIX_HEADER = "/Users/newland/code/AudioTouch/AudioTouch/DetectingSoundFrequency-Prefix.pch";
				INFOPLIST_FILE = AudioTouch/Info.plist;
				IPHONEOS_DEPLOYMENT_TARGET = 8.0;
				LD_RUNPATH_SEARCH_PATHS = "$(inherited) @executable_path/Frameworks";
				ONLY_ACTIVE_ARCH = YES;
				PRODUCT_BUNDLE_IDENTIFIER = co.jiuxiang.jx;
				PRODUCT_NAME = "$(TARGET_NAME)";
				PROVISIONING_PROFILE = "";
				PROVISIONING_PROFILE_SPECIFIER = "";
				SWIFT_OBJC_BRIDGING_HEADER = "AudioTouch/Chart/AudioTouch-Bridging-Header.h";
				SWIFT_OPTIMIZATION_LEVEL = "-Onone";
				SWIFT_VERSION = 3.0;
				TARGETED_DEVICE_FAMILY = "1,2";
				VALID_ARCHS = "armv7 armv7s arm64";
			};
			name = Debug;
		};
		8A54A1051ED5253A00E3913D /* Release */ = {
			isa = XCBuildConfiguration;
			buildSettings = {
				ALWAYS_EMBED_SWIFT_STANDARD_LIBRARIES = YES;
				ASSETCATALOG_COMPILER_APPICON_NAME = AppIcon;
				CLANG_ENABLE_MODULES = YES;
				"CODE_SIGN_IDENTITY[sdk=iphoneos*]" = "iPhone Developer";
				DEVELOPMENT_TEAM = K5969T4PP6;
				GCC_PREFIX_HEADER = "/Users/newland/code/AudioTouch/AudioTouch/DetectingSoundFrequency-Prefix.pch";
				INFOPLIST_FILE = AudioTouch/Info.plist;
				IPHONEOS_DEPLOYMENT_TARGET = 8.0;
				LD_RUNPATH_SEARCH_PATHS = "$(inherited) @executable_path/Frameworks";
				ONLY_ACTIVE_ARCH = YES;
				PRODUCT_BUNDLE_IDENTIFIER = co.jiuxiang.jx;
				PRODUCT_NAME = "$(TARGET_NAME)";
				PROVISIONING_PROFILE = "";
				PROVISIONING_PROFILE_SPECIFIER = "";
				SWIFT_OBJC_BRIDGING_HEADER = "AudioTouch/Chart/AudioTouch-Bridging-Header.h";
				SWIFT_VERSION = 3.0;
				TARGETED_DEVICE_FAMILY = "1,2";
				VALID_ARCHS = "armv7 armv7s arm64";
			};
			name = Release;
		};
		8A54A1071ED5253A00E3913D /* Debug */ = {
			isa = XCBuildConfiguration;
			buildSettings = {
				ALWAYS_EMBED_SWIFT_STANDARD_LIBRARIES = YES;
				BUNDLE_LOADER = "$(TEST_HOST)";
				INFOPLIST_FILE = AudioTouchTests/Info.plist;
				LD_RUNPATH_SEARCH_PATHS = "$(inherited) @executable_path/Frameworks @loader_path/Frameworks";
				PRODUCT_BUNDLE_IDENTIFIER = zhaobin.AudioTouchTests;
				PRODUCT_NAME = "$(TARGET_NAME)";
				TEST_HOST = "$(BUILT_PRODUCTS_DIR)/AudioTouch.app/AudioTouch";
			};
			name = Debug;
		};
		8A54A1081ED5253A00E3913D /* Release */ = {
			isa = XCBuildConfiguration;
			buildSettings = {
				ALWAYS_EMBED_SWIFT_STANDARD_LIBRARIES = YES;
				BUNDLE_LOADER = "$(TEST_HOST)";
				INFOPLIST_FILE = AudioTouchTests/Info.plist;
				LD_RUNPATH_SEARCH_PATHS = "$(inherited) @executable_path/Frameworks @loader_path/Frameworks";
				PRODUCT_BUNDLE_IDENTIFIER = zhaobin.AudioTouchTests;
				PRODUCT_NAME = "$(TARGET_NAME)";
				TEST_HOST = "$(BUILT_PRODUCTS_DIR)/AudioTouch.app/AudioTouch";
			};
			name = Release;
		};
		8A54A10A1ED5253A00E3913D /* Debug */ = {
			isa = XCBuildConfiguration;
			buildSettings = {
				ALWAYS_EMBED_SWIFT_STANDARD_LIBRARIES = YES;
				INFOPLIST_FILE = AudioTouchUITests/Info.plist;
				LD_RUNPATH_SEARCH_PATHS = "$(inherited) @executable_path/Frameworks @loader_path/Frameworks";
				PRODUCT_BUNDLE_IDENTIFIER = zhaobin.AudioTouchUITests;
				PRODUCT_NAME = "$(TARGET_NAME)";
				TEST_TARGET_NAME = AudioTouch;
			};
			name = Debug;
		};
		8A54A10B1ED5253A00E3913D /* Release */ = {
			isa = XCBuildConfiguration;
			buildSettings = {
				ALWAYS_EMBED_SWIFT_STANDARD_LIBRARIES = YES;
				INFOPLIST_FILE = AudioTouchUITests/Info.plist;
				LD_RUNPATH_SEARCH_PATHS = "$(inherited) @executable_path/Frameworks @loader_path/Frameworks";
				PRODUCT_BUNDLE_IDENTIFIER = zhaobin.AudioTouchUITests;
				PRODUCT_NAME = "$(TARGET_NAME)";
				TEST_TARGET_NAME = AudioTouch;
			};
			name = Release;
		};
/* End XCBuildConfiguration section */

/* Begin XCConfigurationList section */
		8A54A0D11ED5253A00E3913D /* Build configuration list for PBXProject "AudioTouch" */ = {
			isa = XCConfigurationList;
			buildConfigurations = (
				8A54A1011ED5253A00E3913D /* Debug */,
				8A54A1021ED5253A00E3913D /* Release */,
			);
			defaultConfigurationIsVisible = 0;
			defaultConfigurationName = Release;
		};
		8A54A1031ED5253A00E3913D /* Build configuration list for PBXNativeTarget "AudioTouch" */ = {
			isa = XCConfigurationList;
			buildConfigurations = (
				8A54A1041ED5253A00E3913D /* Debug */,
				8A54A1051ED5253A00E3913D /* Release */,
			);
			defaultConfigurationIsVisible = 0;
			defaultConfigurationName = Release;
		};
		8A54A1061ED5253A00E3913D /* Build configuration list for PBXNativeTarget "AudioTouchTests" */ = {
			isa = XCConfigurationList;
			buildConfigurations = (
				8A54A1071ED5253A00E3913D /* Debug */,
				8A54A1081ED5253A00E3913D /* Release */,
			);
			defaultConfigurationIsVisible = 0;
			defaultConfigurationName = Release;
		};
		8A54A1091ED5253A00E3913D /* Build configuration list for PBXNativeTarget "AudioTouchUITests" */ = {
			isa = XCConfigurationList;
			buildConfigurations = (
				8A54A10A1ED5253A00E3913D /* Debug */,
				8A54A10B1ED5253A00E3913D /* Release */,
			);
			defaultConfigurationIsVisible = 0;
			defaultConfigurationName = Release;
		};
/* End XCConfigurationList section */
	};
	rootObject = 8A54A0CE1ED5253A00E3913D /* Project object */;
}
